// !$*UTF8*$!
{
	archiveVersion = 1;
	classes = {
	};
	objectVersion = 46;
	objects = {

/* Begin PBXBuildFile section */
		7E18C9AA1CF1F82000340CA9 /* AppDelegate.swift in Sources */ = {isa = PBXBuildFile; fileRef = 7E18C9A91CF1F82000340CA9 /* AppDelegate.swift */; };
		7E18C9AC1CF1F82000340CA9 /* ViewController.swift in Sources */ = {isa = PBXBuildFile; fileRef = 7E18C9AB1CF1F82000340CA9 /* ViewController.swift */; };
		7E18C9AF1CF1F82000340CA9 /* Main.storyboard in Resources */ = {isa = PBXBuildFile; fileRef = 7E18C9AD1CF1F82000340CA9 /* Main.storyboard */; };
		7E18C9B11CF1F82000340CA9 /* Assets.xcassets in Resources */ = {isa = PBXBuildFile; fileRef = 7E18C9B01CF1F82000340CA9 /* Assets.xcassets */; };
		7E54A62B1CF1F9E6006E8245 /* Launch Screen.storyboard in Resources */ = {isa = PBXBuildFile; fileRef = 7E54A62A1CF1F9E6006E8245 /* Launch Screen.storyboard */; };
		E8723B2005C4D182852E6DDE /* libPods-GoogleMaps_HelloWorld.a in Frameworks */ = {isa = PBXBuildFile; fileRef = EF332C7F1232B736017EE34F /* libPods-GoogleMaps_HelloWorld.a */; };
/* End PBXBuildFile section */

/* Begin PBXFileReference section */
		13F464D983FE98CFF971CA9A /* Pods-GoogleMaps_HelloWorld.release.xcconfig */ = {isa = PBXFileReference; includeInIndex = 1; lastKnownFileType = text.xcconfig; name = "Pods-GoogleMaps_HelloWorld.release.xcconfig"; path = "Pods/Target Support Files/Pods-GoogleMaps_HelloWorld/Pods-GoogleMaps_HelloWorld.release.xcconfig"; sourceTree = "<group>"; };
		34DBFB82BE20B2329FEA875B /* Pods-GoogleMaps_HelloWorld.debug.xcconfig */ = {isa = PBXFileReference; includeInIndex = 1; lastKnownFileType = text.xcconfig; name = "Pods-GoogleMaps_HelloWorld.debug.xcconfig"; path = "Pods/Target Support Files/Pods-GoogleMaps_HelloWorld/Pods-GoogleMaps_HelloWorld.debug.xcconfig"; sourceTree = "<group>"; };
		7E18C9A61CF1F82000340CA9 /* GoogleMaps_HelloWorld.app */ = {isa = PBXFileReference; explicitFileType = wrapper.application; includeInIndex = 0; path = GoogleMaps_HelloWorld.app; sourceTree = BUILT_PRODUCTS_DIR; };
		7E18C9A91CF1F82000340CA9 /* AppDelegate.swift */ = {isa = PBXFileReference; lastKnownFileType = sourcecode.swift; path = AppDelegate.swift; sourceTree = "<group>"; };
		7E18C9AB1CF1F82000340CA9 /* ViewController.swift */ = {isa = PBXFileReference; lastKnownFileType = sourcecode.swift; path = ViewController.swift; sourceTree = "<group>"; };
		7E18C9AE1CF1F82000340CA9 /* Base */ = {isa = PBXFileReference; lastKnownFileType = file.storyboard; name = Base; path = Base.lproj/Main.storyboard; sourceTree = "<group>"; };
		7E18C9B01CF1F82000340CA9 /* Assets.xcassets */ = {isa = PBXFileReference; lastKnownFileType = folder.assetcatalog; path = Assets.xcassets; sourceTree = "<group>"; };
		7E18C9B51CF1F82000340CA9 /* Info.plist */ = {isa = PBXFileReference; lastKnownFileType = text.plist.xml; path = Info.plist; sourceTree = "<group>"; };
		7E54A62A1CF1F9E6006E8245 /* Launch Screen.storyboard */ = {isa = PBXFileReference; fileEncoding = 4; lastKnownFileType = file.storyboard; path = "Launch Screen.storyboard"; sourceTree = "<group>"; };
		EF332C7F1232B736017EE34F /* libPods-GoogleMaps_HelloWorld.a */ = {isa = PBXFileReference; explicitFileType = archive.ar; includeInIndex = 0; path = "libPods-GoogleMaps_HelloWorld.a"; sourceTree = BUILT_PRODUCTS_DIR; };
/* End PBXFileReference section */

/* Begin PBXFrameworksBuildPhase section */
		7E18C9A31CF1F82000340CA9 /* Frameworks */ = {
			isa = PBXFrameworksBuildPhase;
			buildActionMask = 2147483647;
			files = (
				E8723B2005C4D182852E6DDE /* libPods-GoogleMaps_HelloWorld.a in Frameworks */,
			);
			runOnlyForDeploymentPostprocessing = 0;
		};
/* End PBXFrameworksBuildPhase section */

/* Begin PBXGroup section */
		7E18C99D1CF1F82000340CA9 = {
			isa = PBXGroup;
			children = (
				7E18C9A81CF1F82000340CA9 /* GoogleMaps_HelloWorld */,
				7E18C9A71CF1F82000340CA9 /* Products */,
				8EBC099933385EDE64FFE35F /* Pods */,
				E045AE48697B755ACB6A3B94 /* Frameworks */,
			);
			sourceTree = "<group>";
		};
		7E18C9A71CF1F82000340CA9 /* Products */ = {
			isa = PBXGroup;
			children = (
				7E18C9A61CF1F82000340CA9 /* GoogleMaps_HelloWorld.app */,
			);
			name = Products;
			sourceTree = "<group>";
		};
		7E18C9A81CF1F82000340CA9 /* GoogleMaps_HelloWorld */ = {
			isa = PBXGroup;
			children = (
				7E18C9A91CF1F82000340CA9 /* AppDelegate.swift */,
				7E18C9AB1CF1F82000340CA9 /* ViewController.swift */,
				7E18C9AD1CF1F82000340CA9 /* Main.storyboard */,
				7E18C9B01CF1F82000340CA9 /* Assets.xcassets */,
				7E54A62A1CF1F9E6006E8245 /* Launch Screen.storyboard */,
				7E18C9B51CF1F82000340CA9 /* Info.plist */,
			);
			path = GoogleMaps_HelloWorld;
			sourceTree = "<group>";
		};
		8EBC099933385EDE64FFE35F /* Pods */ = {
			isa = PBXGroup;
			children = (
				34DBFB82BE20B2329FEA875B /* Pods-GoogleMaps_HelloWorld.debug.xcconfig */,
				13F464D983FE98CFF971CA9A /* Pods-GoogleMaps_HelloWorld.release.xcconfig */,
			);
			name = Pods;
			sourceTree = "<group>";
		};
		E045AE48697B755ACB6A3B94 /* Frameworks */ = {
			isa = PBXGroup;
			children = (
				EF332C7F1232B736017EE34F /* libPods-GoogleMaps_HelloWorld.a */,
			);
			name = Frameworks;
			sourceTree = "<group>";
		};
/* End PBXGroup section */

/* Begin PBXNativeTarget section */
		7E18C9A51CF1F82000340CA9 /* GoogleMaps_HelloWorld */ = {
			isa = PBXNativeTarget;
			buildConfigurationList = 7E18C9B81CF1F82000340CA9 /* Build configuration list for PBXNativeTarget "GoogleMaps_HelloWorld" */;
			buildPhases = (
				4C6C990350FDFDE5A64A56D5 /* 📦 Check Pods Manifest.lock */,
				7E18C9A21CF1F82000340CA9 /* Sources */,
				7E18C9A31CF1F82000340CA9 /* Frameworks */,
				7E18C9A41CF1F82000340CA9 /* Resources */,
				C8DD4D5A12C8F1901FF66763 /* 📦 Embed Pods Frameworks */,
				DD0B1292F9466E8BB3C1A116 /* 📦 Copy Pods Resources */,
			);
			buildRules = (
			);
			dependencies = (
			);
			name = GoogleMaps_HelloWorld;
			productName = GoogleMaps_HelloWorld;
			productReference = 7E18C9A61CF1F82000340CA9 /* GoogleMaps_HelloWorld.app */;
			productType = "com.apple.product-type.application";
		};
/* End PBXNativeTarget section */

/* Begin PBXProject section */
		7E18C99E1CF1F82000340CA9 /* Project object */ = {
			isa = PBXProject;
			attributes = {
				LastSwiftUpdateCheck = 0730;
				LastUpgradeCheck = 0730;
				ORGANIZATIONNAME = "Lee Nguyen";
				TargetAttributes = {
					7E18C9A51CF1F82000340CA9 = {
						CreatedOnToolsVersion = 7.3.1;
					};
				};
			};
			buildConfigurationList = 7E18C9A11CF1F82000340CA9 /* Build configuration list for PBXProject "GoogleMaps_HelloWorld" */;
			compatibilityVersion = "Xcode 3.2";
			developmentRegion = English;
			hasScannedForEncodings = 0;
			knownRegions = (
				en,
				Base,
			);
			mainGroup = 7E18C99D1CF1F82000340CA9;
			productRefGroup = 7E18C9A71CF1F82000340CA9 /* Products */;
			projectDirPath = "";
			projectRoot = "";
			targets = (
				7E18C9A51CF1F82000340CA9 /* GoogleMaps_HelloWorld */,
			);
		};
/* End PBXProject section */

/* Begin PBXResourcesBuildPhase section */
		7E18C9A41CF1F82000340CA9 /* Resources */ = {
			isa = PBXResourcesBuildPhase;
			buildActionMask = 2147483647;
			files = (
				7E54A62B1CF1F9E6006E8245 /* Launch Screen.storyboard in Resources */,
				7E18C9B11CF1F82000340CA9 /* Assets.xcassets in Resources */,
				7E18C9AF1CF1F82000340CA9 /* Main.storyboard in Resources */,
			);
			runOnlyForDeploymentPostprocessing = 0;
		};
/* End PBXResourcesBuildPhase section */

/* Begin PBXShellScriptBuildPhase section */
		4C6C990350FDFDE5A64A56D5 /* 📦 Check Pods Manifest.lock */ = {
			isa = PBXShellScriptBuildPhase;
			buildActionMask = 2147483647;
			files = (
			);
			inputPaths = (
			);
			name = "📦 Check Pods Manifest.lock";
			outputPaths = (
			);
			runOnlyForDeploymentPostprocessing = 0;
			shellPath = /bin/sh;
			shellScript = "diff \"${PODS_ROOT}/../Podfile.lock\" \"${PODS_ROOT}/Manifest.lock\" > /dev/null\nif [[ $? != 0 ]] ; then\n    cat << EOM\nerror: The sandbox is not in sync with the Podfile.lock. Run 'pod install' or update your CocoaPods installation.\nEOM\n    exit 1\nfi\n";
			showEnvVarsInLog = 0;
		};
		C8DD4D5A12C8F1901FF66763 /* 📦 Embed Pods Frameworks */ = {
			isa = PBXShellScriptBuildPhase;
			buildActionMask = 2147483647;
			files = (
			);
			inputPaths = (
			);
			name = "📦 Embed Pods Frameworks";
			outputPaths = (
			);
			runOnlyForDeploymentPostprocessing = 0;
			shellPath = /bin/sh;
			shellScript = "\"${SRCROOT}/Pods/Target Support Files/Pods-GoogleMaps_HelloWorld/Pods-GoogleMaps_HelloWorld-frameworks.sh\"\n";
			showEnvVarsInLog = 0;
		};
		DD0B1292F9466E8BB3C1A116 /* 📦 Copy Pods Resources */ = {
			isa = PBXShellScriptBuildPhase;
			buildActionMask = 2147483647;
			files = (
			);
			inputPaths = (
			);
			name = "📦 Copy Pods Resources";
			outputPaths = (
			);
			runOnlyForDeploymentPostprocessing = 0;
			shellPath = /bin/sh;
			shellScript = "\"${SRCROOT}/Pods/Target Support Files/Pods-GoogleMaps_HelloWorld/Pods-GoogleMaps_HelloWorld-resources.sh\"\n";
			showEnvVarsInLog = 0;
		};
/* End PBXShellScriptBuildPhase section */

/* Begin PBXSourcesBuildPhase section */
		7E18C9A21CF1F82000340CA9 /* Sources */ = {
			isa = PBXSourcesBuildPhase;
			buildActionMask = 2147483647;
			files = (
				7E18C9AC1CF1F82000340CA9 /* ViewController.swift in Sources */,
				7E18C9AA1CF1F82000340CA9 /* AppDelegate.swift in Sources */,
			);
			runOnlyForDeploymentPostprocessing = 0;
		};
/* End PBXSourcesBuildPhase section */

/* Begin PBXVariantGroup section */
		7E18C9AD1CF1F82000340CA9 /* Main.storyboard */ = {
			isa = PBXVariantGroup;
			children = (
				7E18C9AE1CF1F82000340CA9 /* Base */,
			);
			name = Main.storyboard;
			sourceTree = "<group>";
		};
/* End PBXVariantGroup section */

/* Begin XCBuildConfiguration section */
		7E18C9B61CF1F82000340CA9 /* Debug */ = {
			isa = XCBuildConfiguration;
			buildSettings = {
				ALWAYS_SEARCH_USER_PATHS = NO;
				CLANG_ANALYZER_NONNULL = YES;
				CLANG_CXX_LANGUAGE_STANDARD = "gnu++0x";
				CLANG_CXX_LIBRARY = "libc++";
				CLANG_ENABLE_MODULES = YES;
				CLANG_ENABLE_OBJC_ARC = YES;
				CLANG_WARN_BOOL_CONVERSION = YES;
				CLANG_WARN_CONSTANT_CONVERSION = YES;
				CLANG_WARN_DIRECT_OBJC_ISA_USAGE = YES_ERROR;
				CLANG_WARN_EMPTY_BODY = YES;
				CLANG_WARN_ENUM_CONVERSION = YES;
				CLANG_WARN_INT_CONVERSION = YES;
				CLANG_WARN_OBJC_ROOT_CLASS = YES_ERROR;
				CLANG_WARN_UNREACHABLE_CODE = YES;
				CLANG_WARN__DUPLICATE_METHOD_MATCH = YES;
				"CODE_SIGN_IDENTITY[sdk=iphoneos*]" = "iPhone Developer";
				COPY_PHASE_STRIP = NO;
				DEBUG_INFORMATION_FORMAT = dwarf;
				ENABLE_STRICT_OBJC_MSGSEND = YES;
				ENABLE_TESTABILITY = YES;
				GCC_C_LANGUAGE_STANDARD = gnu99;
				GCC_DYNAMIC_NO_PIC = NO;
				GCC_NO_COMMON_BLOCKS = YES;
				GCC_OPTIMIZATION_LEVEL = 0;
				GCC_PREPROCESSOR_DEFINITIONS = (
					"DEBUG=1",
					"$(inherited)",
				);
				GCC_WARN_64_TO_32_BIT_CONVERSION = YES;
				GCC_WARN_ABOUT_RETURN_TYPE = YES_ERROR;
				GCC_WARN_UNDECLARED_SELECTOR = YES;
				GCC_WARN_UNINITIALIZED_AUTOS = YES_AGGRESSIVE;
				GCC_WARN_UNUSED_FUNCTION = YES;
				GCC_WARN_UNUSED_VARIABLE = YES;
				IPHONEOS_DEPLOYMENT_TARGET = 9.3;
				MTL_ENABLE_DEBUG_INFO = YES;
				ONLY_ACTIVE_ARCH = YES;
				SDKROOT = iphoneos;
				SWIFT_OPTIMIZATION_LEVEL = "-Onone";
			};
			name = Debug;
		};
		7E18C9B71CF1F82000340CA9 /* Release */ = {
			isa = XCBuildConfiguration;
			buildSettings = {
				ALWAYS_SEARCH_USER_PATHS = NO;
				CLANG_ANALYZER_NONNULL = YES;
				CLANG_CXX_LANGUAGE_STANDARD = "gnu++0x";
				CLANG_CXX_LIBRARY = "libc++";
				CLANG_ENABLE_MODULES = YES;
				CLANG_ENABLE_OBJC_ARC = YES;
				CLANG_WARN_BOOL_CONVERSION = YES;
				CLANG_WARN_CONSTANT_CONVERSION = YES;
				CLANG_WARN_DIRECT_OBJC_ISA_USAGE = YES_ERROR;
				CLANG_WARN_EMPTY_BODY = YES;
				CLANG_WARN_ENUM_CONVERSION = YES;
				CLANG_WARN_INT_CONVERSION = YES;
				CLANG_WARN_OBJC_ROOT_CLASS = YES_ERROR;
				CLANG_WARN_UNREACHABLE_CODE = YES;
				CLANG_WARN__DUPLICATE_METHOD_MATCH = YES;
				"CODE_SIGN_IDENTITY[sdk=iphoneos*]" = "iPhone Developer";
				COPY_PHASE_STRIP = NO;
				DEBUG_INFORMATION_FORMAT = "dwarf-with-dsym";
				ENABLE_NS_ASSERTIONS = NO;
				ENABLE_STRICT_OBJC_MSGSEND = YES;
				GCC_C_LANGUAGE_STANDARD = gnu99;
				GCC_NO_COMMON_BLOCKS = YES;
				GCC_WARN_64_TO_32_BIT_CONVERSION = YES;
				GCC_WARN_ABOUT_RETURN_TYPE = YES_ERROR;
				GCC_WARN_UNDECLARED_SELECTOR = YES;
				GCC_WARN_UNINITIALIZED_AUTOS = YES_AGGRESSIVE;
				GCC_WARN_UNUSED_FUNCTION = YES;
				GCC_WARN_UNUSED_VARIABLE = YES;
				IPHONEOS_DEPLOYMENT_TARGET = 9.3;
				MTL_ENABLE_DEBUG_INFO = NO;
				SDKROOT = iphoneos;
				VALIDATE_PRODUCT = YES;
			};
			name = Release;
		};
		7E18C9B91CF1F82000340CA9 /* Debug */ = {
			isa = XCBuildConfiguration;
			baseConfigurationReference = 34DBFB82BE20B2329FEA875B /* Pods-GoogleMaps_HelloWorld.debug.xcconfig */;
			buildSettings = {
				ASSETCATALOG_COMPILER_APPICON_NAME = AppIcon;
				INFOPLIST_FILE = GoogleMaps_HelloWorld/Info.plist;
				LD_RUNPATH_SEARCH_PATHS = "$(inherited) @executable_path/Frameworks";
				PRODUCT_BUNDLE_IDENTIFIER = "com.LeeNguyen.GoogleMaps-HelloWorld";
				PRODUCT_NAME = "$(TARGET_NAME)";
			};
			name = Debug;
		};
		7E18C9BA1CF1F82000340CA9 /* Release */ = {
			isa = XCBuildConfiguration;
			baseConfigurationReference = 13F464D983FE98CFF971CA9A /* Pods-GoogleMaps_HelloWorld.release.xcconfig */;
			buildSettings = {
				ASSETCATALOG_COMPILER_APPICON_NAME = AppIcon;
				INFOPLIST_FILE = GoogleMaps_HelloWorld/Info.plist;
				LD_RUNPATH_SEARCH_PATHS = "$(inherited) @executable_path/Frameworks";
				PRODUCT_BUNDLE_IDENTIFIER = "com.LeeNguyen.GoogleMaps-HelloWorld";
				PRODUCT_NAME = "$(TARGET_NAME)";
			};
			name = Release;
		};
/* End XCBuildConfiguration section */

/* Begin XCConfigurationList section */
		7E18C9A11CF1F82000340CA9 /* Build configuration list for PBXProject "GoogleMaps_HelloWorld" */ = {
			isa = XCConfigurationList;
			buildConfigurations = (
				7E18C9B61CF1F82000340CA9 /* Debug */,
				7E18C9B71CF1F82000340CA9 /* Release */,
			);
			defaultConfigurationIsVisible = 0;
			defaultConfigurationName = Release;
		};
		7E18C9B81CF1F82000340CA9 /* Build configuration list for PBXNativeTarget "GoogleMaps_HelloWorld" */ = {
			isa = XCConfigurationList;
			buildConfigurations = (
				7E18C9B91CF1F82000340CA9 /* Debug */,
				7E18C9BA1CF1F82000340CA9 /* Release */,
			);
			defaultConfigurationIsVisible = 0;
			defaultConfigurationName = Release;
		};
/* End XCConfigurationList section */
	};
	rootObject = 7E18C99E1CF1F82000340CA9 /* Project object */;
}
